<?xml version="1.0" encoding="utf-8"?>
<Project ToolsVersion="4.0" xmlns="http://schemas.microsoft.com/developer/msbuild/2003">
  <ItemGroup>
    <Filter Include="Source Files">
      <UniqueIdentifier>{4FC737F1-C7A5-4376-A066-2A32D752A2FF}</UniqueIdentifier>
      <Extensions>cpp;c;cc;cxx;c++;cppm;ixx;def;odl;idl;hpj;bat;asm;asmx</Extensions>
    </Filter>
    <Filter Include="Header Files">
      <UniqueIdentifier>{93995380-89BD-4b04-88EB-625FBE52EBFB}</UniqueIdentifier>
      <Extensions>h;hh;hpp;hxx;h++;hm;inl;inc;ipp;xsd</Extensions>
    </Filter>
    <Filter Include="Resource Files">
      <UniqueIdentifier>{67DA6AB6-F800-4c08-8B7A-83BB121AAD01}</UniqueIdentifier>
      <Extensions>rc;ico;cur;bmp;dlg;rc2;rct;bin;rgs;gif;jpg;jpeg;jpe;resx;tiff;tif;png;wav;mfcribbon-ms</Extensions>
    </Filter>
    <Filter Include="Core">
      <UniqueIdentifier>{0544063e-d2b0-44a9-90da-a09cea7b9d27}</UniqueIdentifier>
    </Filter>
    <Filter Include="Features">
      <UniqueIdentifier>{4838024f-280e-4e1d-8bef-da8dd3e32fad}</UniqueIdentifier>
    </Filter>
    <Filter Include="Dependencies">
      <UniqueIdentifier>{bdf6e0d2-5e97-452a-b280-f8b269c80ad3}</UniqueIdentifier>
    </Filter>
    <Filter Include="Dependencies\ImGui">
      <UniqueIdentifier>{3550c848-05a5-4704-bffe-d04f1a172656}</UniqueIdentifier>
    </Filter>
    <Filter Include="Utils">
      <UniqueIdentifier>{74d16ad3-1e97-43ea-bc34-3f85d335d25e}</UniqueIdentifier>
    </Filter>
    <Filter Include="Utils\Pattern Scan">
      <UniqueIdentifier>{4caca461-773c-4cbd-8fb1-6348b3960f12}</UniqueIdentifier>
    </Filter>
    <Filter Include="Core\GUI">
      <UniqueIdentifier>{0240ffec-26ee-49e2-b637-b20fda9f1d73}</UniqueIdentifier>
    </Filter>
    <Filter Include="Core\DMA">
      <UniqueIdentifier>{1d4b9d4d-01de-4197-9e2b-703f2c02a615}</UniqueIdentifier>
    </Filter>
    <Filter Include="Core\GTA5">
      <UniqueIdentifier>{d9de8806-b027-453d-8451-b3c7e0975ea3}</UniqueIdentifier>
    </Filter>
    <Filter Include="Core\GUI\Fonts">
      <UniqueIdentifier>{839f74de-5b05-4e2d-a04a-0947de8be704}</UniqueIdentifier>
    </Filter>
    <Filter Include="Features\Fuser">
      <UniqueIdentifier>{629eedb0-2d4a-472c-a9c1-f7e3dff15938}</UniqueIdentifier>
    </Filter>
    <Filter Include="Features\Infinite Ammo">
      <UniqueIdentifier>{dd04f1af-8c64-4cf3-9928-fca64eeed7c8}</UniqueIdentifier>
    </Filter>
    <Filter Include="Features\Never Wanted">
      <UniqueIdentifier>{d6cede5a-7daf-4862-9da2-5383619a7b6f}</UniqueIdentifier>
    </Filter>
    <Filter Include="Features\Player God Mode">
      <UniqueIdentifier>{fc79e3ad-de4f-429f-b3ee-2f2fa78ccb06}</UniqueIdentifier>
    </Filter>
    <Filter Include="Features\Vehicle God Mode">
      <UniqueIdentifier>{e9044955-7931-4f79-85f7-65715bb9027a}</UniqueIdentifier>
    </Filter>
    <Filter Include="Features\Teleport">
      <UniqueIdentifier>{c91d8220-1a0b-4f07-b53d-3ab536502fb0}</UniqueIdentifier>
    </Filter>
    <Filter Include="Core\GUI\Main">
      <UniqueIdentifier>{549e2e76-1510-4650-b8ec-451c877f633d}</UniqueIdentifier>
    </Filter>
    <Filter Include="Core\GUI\Weapon Inspector">
      <UniqueIdentifier>{fe466d98-cab5-4448-9263-f88f557be40d}</UniqueIdentifier>
    </Filter>
    <Filter Include="Structs">
      <UniqueIdentifier>{1a87bc9d-ee01-49ae-805e-22ca1d2b31d8}</UniqueIdentifier>
    </Filter>
    <Filter Include="Core\GUI\Weapon Editor">
      <UniqueIdentifier>{03069c2a-7a6c-4616-9cf6-17c46698c7f3}</UniqueIdentifier>
    </Filter>
    <Filter Include="Core\GUI\Vehicle Inspector">
      <UniqueIdentifier>{3885d609-c734-4a92-bffc-c6eee5bd39fc}</UniqueIdentifier>
    </Filter>
    <Filter Include="Static">
      <UniqueIdentifier>{2e1de9af-7a00-4bca-bec1-059f9dc39edd}</UniqueIdentifier>
    </Filter>
  </ItemGroup>
  <ItemGroup>
    <ClCompile Include="main.cpp">
      <Filter>Source Files</Filter>
    </ClCompile>
    <ClCompile Include="pch.cpp">
      <Filter>Source Files</Filter>
    </ClCompile>
    <ClCompile Include="MultiScan.cpp">
      <Filter>Utils\Pattern Scan</Filter>
    </ClCompile>
    <ClCompile Include="DMA.cpp">
      <Filter>Core\DMA</Filter>
    </ClCompile>
    <ClCompile Include="GTA5Info.cpp">
      <Filter>Core\GTA5</Filter>
    </ClCompile>
    <ClCompile Include="ImGui\imgui.cpp">
      <Filter>Dependencies\ImGui</Filter>
    </ClCompile>
    <ClCompile Include="ImGui\imgui_demo.cpp">
      <Filter>Dependencies\ImGui</Filter>
    </ClCompile>
    <ClCompile Include="ImGui\imgui_draw.cpp">
      <Filter>Dependencies\ImGui</Filter>
    </ClCompile>
    <ClCompile Include="ImGui\imgui_impl_dx11.cpp">
      <Filter>Dependencies\ImGui</Filter>
    </ClCompile>
    <ClCompile Include="ImGui\imgui_impl_win32.cpp">
      <Filter>Dependencies\ImGui</Filter>
    </ClCompile>
    <ClCompile Include="ImGui\imgui_tables.cpp">
      <Filter>Dependencies\ImGui</Filter>
    </ClCompile>
    <ClCompile Include="ImGui\imgui_widgets.cpp">
      <Filter>Dependencies\ImGui</Filter>
    </ClCompile>
    <ClCompile Include="Fuser.cpp">
      <Filter>Features\Fuser</Filter>
    </ClCompile>
    <ClCompile Include="GodMode.cpp">
      <Filter>Features\Player God Mode</Filter>
    </ClCompile>
    <ClCompile Include="InfiniteAmmo.cpp">
      <Filter>Features\Infinite Ammo</Filter>
    </ClCompile>
    <ClCompile Include="NeverWanted.cpp">
      <Filter>Features\Never Wanted</Filter>
    </ClCompile>
    <ClCompile Include="VehicleGodMode.cpp">
      <Filter>Features\Vehicle God Mode</Filter>
    </ClCompile>
    <ClCompile Include="Teleport.cpp">
      <Filter>Features\Teleport</Filter>
    </ClCompile>
    <ClCompile Include="Tracy\TracyClient.cpp">
      <Filter>Source Files</Filter>
    </ClCompile>
    <ClCompile Include="MyImGui.cpp">
      <Filter>Core\GUI\Main</Filter>
    </ClCompile>
    <ClCompile Include="WeaponInspector.cpp">
      <Filter>Core\GUI\Weapon Inspector</Filter>
    </ClCompile>
    <ClCompile Include="WeaponEditor.cpp">
      <Filter>Core\GUI\Weapon Editor</Filter>
    </ClCompile>
    <ClCompile Include="VehicleInspector.cpp">
      <Filter>Core\GUI\Vehicle Inspector</Filter>
    </ClCompile>
  </ItemGroup>
  <ItemGroup>
    <ClInclude Include="pch.h">
      <Filter>Header Files</Filter>
    </ClInclude>
    <ClInclude Include="Patterns.h">
      <Filter>Header Files</Filter>
    </ClInclude>
    <ClInclude Include="Features.h">
      <Filter>Features</Filter>
    </ClInclude>
    <ClInclude Include="Offsets.h">
      <Filter>Header Files</Filter>
    </ClInclude>
    <ClInclude Include="MultiScan.h">
      <Filter>Utils\Pattern Scan</Filter>
    </ClInclude>
    <ClInclude Include="DMA.h">
      <Filter>Core\DMA</Filter>
    </ClInclude>
    <ClInclude Include="GTA5Info.h">
      <Filter>Core\GTA5</Filter>
    </ClInclude>
    <ClInclude Include="ImGui\imconfig.h">
      <Filter>Dependencies\ImGui</Filter>
    </ClInclude>
    <ClInclude Include="ImGui\imgui.h">
      <Filter>Dependencies\ImGui</Filter>
    </ClInclude>
    <ClInclude Include="ImGui\imgui_impl_dx11.h">
      <Filter>Dependencies\ImGui</Filter>
    </ClInclude>
    <ClInclude Include="ImGui\imgui_impl_win32.h">
      <Filter>Dependencies\ImGui</Filter>
    </ClInclude>
    <ClInclude Include="ImGui\imgui_internal.h">
      <Filter>Dependencies\ImGui</Filter>
    </ClInclude>
    <ClInclude Include="ImGui\imstb_rectpack.h">
      <Filter>Dependencies\ImGui</Filter>
    </ClInclude>
    <ClInclude Include="ImGui\imstb_textedit.h">
      <Filter>Dependencies\ImGui</Filter>
    </ClInclude>
    <ClInclude Include="ImGui\imstb_truetype.h">
      <Filter>Dependencies\ImGui</Filter>
    </ClInclude>
    <ClInclude Include="IBMPlexMono-Bold.h">
      <Filter>Core\GUI\Fonts</Filter>
    </ClInclude>
    <ClInclude Include="Fonts.h">
      <Filter>Core\GUI\Fonts</Filter>
    </ClInclude>
    <ClInclude Include="Fuser.h">
      <Filter>Features\Fuser</Filter>
    </ClInclude>
    <ClInclude Include="GodMode.h">
      <Filter>Features\Player God Mode</Filter>
    </ClInclude>
    <ClInclude Include="InfiniteAmmo.h">
      <Filter>Features\Infinite Ammo</Filter>
    </ClInclude>
    <ClInclude Include="NeverWanted.h">
      <Filter>Features\Never Wanted</Filter>
    </ClInclude>
    <ClInclude Include="VehicleGodMode.h">
      <Filter>Features\Vehicle God Mode</Filter>
    </ClInclude>
    <ClInclude Include="Teleport.h">
      <Filter>Features\Teleport</Filter>
    </ClInclude>
    <ClInclude Include="MyImGui.h">
      <Filter>Core\GUI\Main</Filter>
    </ClInclude>
    <ClInclude Include="WeaponInspector.h">
      <Filter>Core\GUI\Weapon Inspector</Filter>
    </ClInclude>
    <ClInclude Include="MyVector.h">
      <Filter>Structs</Filter>
    </ClInclude>
    <ClInclude Include="WeaponInfo.h">
      <Filter>Structs</Filter>
    </ClInclude>
    <ClInclude Include="WeaponEditor.h">
      <Filter>Core\GUI\Weapon Editor</Filter>
    </ClInclude>
    <ClInclude Include="VehicleInfo.h">
      <Filter>Structs</Filter>
    </ClInclude>
    <ClInclude Include="VehicleInspector.h">
      <Filter>Core\GUI\Vehicle Inspector</Filter>
    </ClInclude>
    <ClInclude Include="PlayerInfo.h">
      <Filter>Structs</Filter>
    </ClInclude>
    <ClInclude Include="WeaponNameMap.h">
      <Filter>Static</Filter>
    </ClInclude>
  </ItemGroup>
</Project>