<?xml version="1.0" encoding="utf-8"?>
<Project ToolsVersion="4.0" xmlns="http://schemas.microsoft.com/developer/msbuild/2003">
  <ItemGroup>
    <Filter Include="Source Files">
      <UniqueIdentifier>{4FC737F1-C7A5-4376-A066-2A32D752A2FF}</UniqueIdentifier>
      <Extensions>cpp;c;cc;cxx;c++;cppm;ixx;def;odl;idl;hpj;bat;asm;asmx</Extensions>
    </Filter>
    <Filter Include="Header Files">
      <UniqueIdentifier>{93995380-89BD-4b04-88EB-625FBE52EBFB}</UniqueIdentifier>
      <Extensions>h;hh;hpp;hxx;h++;hm;inl;inc;ipp;xsd</Extensions>
    </Filter>
    <Filter Include="Resource Files">
      <UniqueIdentifier>{67DA6AB6-F800-4c08-8B7A-83BB121AAD01}</UniqueIdentifier>
      <Extensions>rc;ico;cur;bmp;dlg;rc2;rct;bin;rgs;gif;jpg;jpeg;jpe;resx;tiff;tif;png;wav;mfcribbon-ms</Extensions>
    </Filter>
    <Filter Include="Core">
      <UniqueIdentifier>{0544063e-d2b0-44a9-90da-a09cea7b9d27}</UniqueIdentifier>
    </Filter>
    <Filter Include="Features">
      <UniqueIdentifier>{4838024f-280e-4e1d-8bef-da8dd3e32fad}</UniqueIdentifier>
    </Filter>
    <Filter Include="Dependencies">
      <UniqueIdentifier>{bdf6e0d2-5e97-452a-b280-f8b269c80ad3}</UniqueIdentifier>
    </Filter>
    <Filter Include="Dependencies\ImGui">
      <UniqueIdentifier>{3550c848-05a5-4704-bffe-d04f1a172656}</UniqueIdentifier>
    </Filter>
    <Filter Include="Utils">
      <UniqueIdentifier>{74d16ad3-1e97-43ea-bc34-3f85d335d25e}</UniqueIdentifier>
    </Filter>
    <Filter Include="Utils\Pattern Scan">
      <UniqueIdentifier>{4caca461-773c-4cbd-8fb1-6348b3960f12}</UniqueIdentifier>
    </Filter>
    <Filter Include="Core\GUI">
      <UniqueIdentifier>{0240ffec-26ee-49e2-b637-b20fda9f1d73}</UniqueIdentifier>
    </Filter>
    <Filter Include="Core\DMA">
      <UniqueIdentifier>{1d4b9d4d-01de-4197-9e2b-703f2c02a615}</UniqueIdentifier>
    </Filter>
    <Filter Include="Core\GTA5">
      <UniqueIdentifier>{d9de8806-b027-453d-8451-b3c7e0975ea3}</UniqueIdentifier>
    </Filter>
    <Filter Include="Core\GUI\Fonts">
      <UniqueIdentifier>{839f74de-5b05-4e2d-a04a-0947de8be704}</UniqueIdentifier>
    </Filter>
    <Filter Include="Features\Fuser">
      <UniqueIdentifier>{629eedb0-2d4a-472c-a9c1-f7e3dff15938}</UniqueIdentifier>
    </Filter>
    <Filter Include="Features\Infinite Ammo">
      <UniqueIdentifier>{dd04f1af-8c64-4cf3-9928-fca64eeed7c8}</UniqueIdentifier>
    </Filter>
    <Filter Include="Features\Never Wanted">
      <UniqueIdentifier>{d6cede5a-7daf-4862-9da2-5383619a7b6f}</UniqueIdentifier>
    </Filter>
    <Filter Include="Features\Player God Mode">
      <UniqueIdentifier>{fc79e3ad-de4f-429f-b3ee-2f2fa78ccb06}</UniqueIdentifier>
    </Filter>
    <Filter Include="Features\Vehicle God Mode">
      <UniqueIdentifier>{e9044955-7931-4f79-85f7-65715bb9027a}</UniqueIdentifier>
    </Filter>
    <Filter Include="Features\Teleport">
      <UniqueIdentifier>{c91d8220-1a0b-4f07-b53d-3ab536502fb0}</UniqueIdentifier>
    </Filter>
    <Filter Include="Core\GUI\Main">
      <UniqueIdentifier>{549e2e76-1510-4650-b8ec-451c877f633d}</UniqueIdentifier>
    </Filter>
    <Filter Include="Core\GUI\Weapon Inspector">
      <UniqueIdentifier>{fe466d98-cab5-4448-9263-f88f557be40d}</UniqueIdentifier>
    </Filter>
    <Filter Include="Structs">
      <UniqueIdentifier>{1a87bc9d-ee01-49ae-805e-22ca1d2b31d8}</UniqueIdentifier>
    </Filter>
    <Filter Include="Core\GUI\Weapon Editor">
      <UniqueIdentifier>{03069c2a-7a6c-4616-9cf6-17c46698c7f3}</UniqueIdentifier>
    </Filter>
    <Filter Include="Core\GUI\Vehicle Inspector">
      <UniqueIdentifier>{3885d609-c734-4a92-bffc-c6eee5bd39fc}</UniqueIdentifier>
    </Filter>
    <Filter Include="Static">
      <UniqueIdentifier>{2e1de9af-7a00-4bca-bec1-059f9dc39edd}</UniqueIdentifier>
    </Filter>
    <Filter Include="Features\Refresh Health">
      <UniqueIdentifier>{9e9d0717-8d1d-4739-b59c-06c796805f9c}</UniqueIdentifier>
    </Filter>
    <Filter Include="Core\GUI\Blip Inspector">
      <UniqueIdentifier>{37d08329-6dc3-47e4-9eed-777258eabc4d}</UniqueIdentifier>
    </Filter>
    <Filter Include="Core\GUI\Vehicle Editor">
      <UniqueIdentifier>{b71931a3-be1c-4887-b39f-2100456ab6d3}</UniqueIdentifier>
    </Filter>
    <Filter Include="Core\Config">
      <UniqueIdentifier>{a3d7314d-3f2b-4c4e-b44d-bcbcccc7462c}</UniqueIdentifier>
    </Filter>
  </ItemGroup>
  <ItemGroup>
    <ClCompile Include="GTA5_DMA\main.cpp">
      <Filter>Source Files</Filter>
    </ClCompile>
    <ClCompile Include="GTA5_DMA\pch.cpp">
      <Filter>Source Files</Filter>
    </ClCompile>
    <ClCompile Include="GTA5_DMA\Core\DMA\MultiScan.cpp">
      <Filter>Utils\Pattern Scan</Filter>
    </ClCompile>
    <ClCompile Include="GTA5_DMA\Core\DMA\DMA.cpp">
      <Filter>Core\DMA</Filter>
    </ClCompile>
    <ClCompile Include="GTA5_DMA\Core\GTA5\GTA5Info.cpp">
      <Filter>Core\GTA5</Filter>
    </ClCompile>
    <ClCompile Include="ImGui\imgui.cpp">
      <Filter>Dependencies\ImGui</Filter>
    </ClCompile>
    <ClCompile Include="ImGui\imgui_demo.cpp">
      <Filter>Dependencies\ImGui</Filter>
    </ClCompile>
    <ClCompile Include="ImGui\imgui_draw.cpp">
      <Filter>Dependencies\ImGui</Filter>
    </ClCompile>
    <ClCompile Include="ImGui\imgui_impl_dx11.cpp">
      <Filter>Dependencies\ImGui</Filter>
    </ClCompile>
    <ClCompile Include="ImGui\imgui_impl_win32.cpp">
      <Filter>Dependencies\ImGui</Filter>
    </ClCompile>
    <ClCompile Include="ImGui\imgui_tables.cpp">
      <Filter>Dependencies\ImGui</Filter>
    </ClCompile>
    <ClCompile Include="ImGui\imgui_widgets.cpp">
      <Filter>Dependencies\ImGui</Filter>
    </ClCompile>
    <ClCompile Include="GTA5_DMA\GUI\Fuser\Fuser.cpp">
      <Filter>Features\Fuser</Filter>
    </ClCompile>
    <ClCompile Include="GTA5_DMA\Features\GodMode\GodMode.cpp">
      <Filter>Features\Player God Mode</Filter>
    </ClCompile>
    <ClCompile Include="GTA5_DMA\Features\InfiniteAmmo\InfiniteAmmo.cpp">
      <Filter>Features\Infinite Ammo</Filter>
    </ClCompile>
    <ClCompile Include="GTA5_DMA\Features\NeverWanted\NeverWanted.cpp">
      <Filter>Features\Never Wanted</Filter>
    </ClCompile>
    <ClCompile Include="GTA5_DMA\Features\VehicleGodMode\VehicleGodMode.cpp">
      <Filter>Features\Vehicle God Mode</Filter>
    </ClCompile>
    <ClCompile Include="GTA5_DMA\Features\Teleport\Teleport.cpp">
      <Filter>Features\Teleport</Filter>
    </ClCompile>
    <ClCompile Include="Tracy\TracyClient.cpp">
      <Filter>Source Files</Filter>
    </ClCompile>
    <ClCompile Include="GTA5_DMA\GUI\MyImGui.cpp">
      <Filter>Core\GUI\Main</Filter>
    </ClCompile>
    <ClCompile Include="GTA5_DMA\GUI\WeaponInspector\WeaponInspector.cpp">
      <Filter>Core\GUI\Weapon Inspector</Filter>
    </ClCompile>
    <ClCompile Include="GTA5_DMA\GUI\WeaponEditor\WeaponEditor.cpp">
      <Filter>Core\GUI\Weapon Editor</Filter>
    </ClCompile>
    <ClCompile Include="GTA5_DMA\GUI\VehicleInspector\VehicleInspector.cpp">
      <Filter>Core\GUI\Vehicle Inspector</Filter>
    </ClCompile>
    <ClCompile Include="GTA5_DMA\Features\RefreshHealth\RefreshHealth.cpp">
      <Filter>Features\Refresh Health</Filter>
    </ClCompile>
    <ClCompile Include="GTA5_DMA\GUI\BlipInspector\BlipInspector.cpp">
      <Filter>Core\GUI\Blip Inspector</Filter>
    </ClCompile>
    <ClCompile Include="GTA5_DMA\GUI\VehicleEditor\VehicleEditor.cpp">
      <Filter>Core\GUI\Vehicle Editor</Filter>
    </ClCompile>
    <ClCompile Include="GTA5_DMA\Core\Config\Config.cpp">
      <Filter>Core\Config</Filter>
    </ClCompile>
    <ClCompile Include="GTA5_DMA\Features\RainbowCar\RainbowCar.cpp">
      <Filter>Source Files</Filter>
    </ClCompile>
  </ItemGroup>
  <ItemGroup>
    <ClInclude Include="GTA5_DMA\pch.h">
      <Filter>Header Files</Filter>
    </ClInclude>
    <ClInclude Include="GTA5_DMA\Features\Features.h">
      <Filter>Features</Filter>
    </ClInclude>
    <ClInclude Include="GTA5_DMA\Core\DMA\MultiScan.h">
      <Filter>Utils\Pattern Scan</Filter>
    </ClInclude>
    <ClInclude Include="GTA5_DMA\Core\DMA\DMA.h">
      <Filter>Core\DMA</Filter>
    </ClInclude>
    <ClInclude Include="GTA5_DMA\Core\GTA5\GTA5Info.h">
      <Filter>Core\GTA5</Filter>
    </ClInclude>
    <ClInclude Include="ImGui\imconfig.h">
      <Filter>Dependencies\ImGui</Filter>
    </ClInclude>
    <ClInclude Include="ImGui\imgui.h">
      <Filter>Dependencies\ImGui</Filter>
    </ClInclude>
    <ClInclude Include="ImGui\imgui_impl_dx11.h">
      <Filter>Dependencies\ImGui</Filter>
    </ClInclude>
    <ClInclude Include="ImGui\imgui_impl_win32.h">
      <Filter>Dependencies\ImGui</Filter>
    </ClInclude>
    <ClInclude Include="ImGui\imgui_internal.h">
      <Filter>Dependencies\ImGui</Filter>
    </ClInclude>
    <ClInclude Include="ImGui\imstb_rectpack.h">
      <Filter>Dependencies\ImGui</Filter>
    </ClInclude>
    <ClInclude Include="ImGui\imstb_textedit.h">
      <Filter>Dependencies\ImGui</Filter>
    </ClInclude>
    <ClInclude Include="ImGui\imstb_truetype.h">
      <Filter>Dependencies\ImGui</Filter>
    </ClInclude>
    <ClInclude Include="GTA5_DMA\GUI\Fonts\IBMPlexMono-Bold.h">
      <Filter>Core\GUI\Fonts</Filter>
    </ClInclude>
    <ClInclude Include="GTA5_DMA\GUI\Fonts\Fonts.h">
      <Filter>Core\GUI\Fonts</Filter>
    </ClInclude>
    <ClInclude Include="GTA5_DMA\GUI\Fuser\Fuser.h">
      <Filter>Features\Fuser</Filter>
    </ClInclude>
    <ClInclude Include="GTA5_DMA\Features\GodMode\GodMode.h">
      <Filter>Features\Player God Mode</Filter>
    </ClInclude>
    <ClInclude Include="GTA5_DMA\Features\InfiniteAmmo\InfiniteAmmo.h">
      <Filter>Features\Infinite Ammo</Filter>
    </ClInclude>
    <ClInclude Include="GTA5_DMA\Features\NeverWanted\NeverWanted.h">
      <Filter>Features\Never Wanted</Filter>
    </ClInclude>
    <ClInclude Include="GTA5_DMA\Features\VehicleGodMode\VehicleGodMode.h">
      <Filter>Features\Vehicle God Mode</Filter>
    </ClInclude>
    <ClInclude Include="GTA5_DMA\Features\Teleport\Teleport.h">
      <Filter>Features\Teleport</Filter>
    </ClInclude>
    <ClInclude Include="GTA5_DMA\GUI\MyImGui.h">
      <Filter>Core\GUI\Main</Filter>
    </ClInclude>
    <ClInclude Include="GTA5_DMA\GUI\WeaponInspector\WeaponInspector.h">
      <Filter>Core\GUI\Weapon Inspector</Filter>
    </ClInclude>
    <ClInclude Include="GTA5_DMA\Structs\MyVector.h">
      <Filter>Structs</Filter>
    </ClInclude>
    <ClInclude Include="GTA5_DMA\Structs\WeaponInfo.h">
      <Filter>Structs</Filter>
    </ClInclude>
    <ClInclude Include="GTA5_DMA\GUI\WeaponEditor\WeaponEditor.h">
      <Filter>Core\GUI\Weapon Editor</Filter>
    </ClInclude>
    <ClInclude Include="GTA5_DMA\Structs\VehicleInfo.h">
      <Filter>Structs</Filter>
    </ClInclude>
    <ClInclude Include="GTA5_DMA\GUI\VehicleInspector\VehicleInspector.h">
      <Filter>Core\GUI\Vehicle Inspector</Filter>
    </ClInclude>
    <ClInclude Include="GTA5_DMA\Structs\PlayerInfo.h">
      <Filter>Structs</Filter>
    </ClInclude>
    <ClInclude Include="GTA5_DMA\Structs\WeaponNameMap.h">
      <Filter>Static</Filter>
    </ClInclude>
    <ClInclude Include="GTA5_DMA\Features\RefreshHealth\RefreshHealth.h">
      <Filter>Features\Refresh Health</Filter>
    </ClInclude>
    <ClInclude Include="GTA5_DMA\GUI\BlipInspector\BlipInspector.h">
      <Filter>Core\GUI\Blip Inspector</Filter>
    </ClInclude>
    <ClInclude Include="GTA5_DMA\Structs\BlipInfo.h">
      <Filter>Structs</Filter>
    </ClInclude>
    <ClInclude Include="GTA5_DMA\Structs\Patterns.h">
      <Filter>Static</Filter>
    </ClInclude>
    <ClInclude Include="GTA5_DMA\Structs\Offsets.h">
      <Filter>Header Files</Filter>
    </ClInclude>
    <ClInclude Include="GTA5_DMA\GUI\VehicleEditor\VehicleEditor.h">
      <Filter>Core\GUI\Vehicle Editor</Filter>
    </ClInclude>
    <ClInclude Include="GTA5_DMA\Core\Config\Config.h">
      <Filter>Core\Config</Filter>
    </ClInclude>
    <ClInclude Include="GTA5_DMA\Features\RainbowCar\RainbowCar.h">
      <Filter>Header Files</Filter>
    </ClInclude>
    <ClInclude Include="resource.h">
      <Filter>Header Files</Filter>
    </ClInclude>
  </ItemGroup>
  <ItemGroup>
    <ResourceCompile Include="Bosma_VMM.rc">
      <Filter>Resource Files</Filter>
    </ResourceCompile>
  </ItemGroup>
</Project>